{
  "name": "ionic-hello-world",
  "version": "0.0.0",
  "lockfileVersion": 1,
  "requires": true,
  "dependencies": {
    "@angular/common": {
      "version": "4.0.2",
      "resolved": "https://registry.npmjs.org/@angular/common/-/common-4.0.2.tgz",
      "integrity": "sha1-CSsnLxk9OslUm1N5Jlfkjpbzn10="
    },
    "@angular/compiler": {
      "version": "4.0.2",
      "resolved": "https://registry.npmjs.org/@angular/compiler/-/compiler-4.0.2.tgz",
      "integrity": "sha1-cp4OrSYSMmmGeLvdCdPTYNzW+Ik="
    },
    "@angular/compiler-cli": {
      "version": "4.0.2",
      "resolved": "https://registry.npmjs.org/@angular/compiler-cli/-/compiler-cli-4.0.2.tgz",
      "integrity": "sha1-AHwFcoyDa+FfmVMORe/6HNfJYoQ=",
      "requires": {
        "@angular/tsc-wrapped": "4.0.2",
        "minimist": "1.2.0",
        "reflect-metadata": "0.1.12"
      }
    },
    "@angular/core": {
      "version": "4.0.2",
      "resolved": "https://registry.npmjs.org/@angular/core/-/core-4.0.2.tgz",
      "integrity": "sha1-GVFT+GI7WfB8MLO4lU4UhCw5WcM="
    },
    "@angular/forms": {
      "version": "4.0.2",
      "resolved": "https://registry.npmjs.org/@angular/forms/-/forms-4.0.2.tgz",
      "integrity": "sha1-kJT0aYMphoG7rw3MF9z4975vNaM="
    },
    "@angular/http": {
      "version": "4.0.2",
      "resolved": "https://registry.npmjs.org/@angular/http/-/http-4.0.2.tgz",
      "integrity": "sha1-jGG5/1J0jF3LUrVwRoKdNNZmYuw="
    },
    "@angular/platform-browser": {
      "version": "4.0.2",
      "resolved": "https://registry.npmjs.org/@angular/platform-browser/-/platform-browser-4.0.2.tgz",
      "integrity": "sha1-vOAVJpF6W0lgb8foFgCvhbFYRuo="
    },
    "@angular/platform-browser-dynamic": {
      "version": "4.0.2",
      "resolved": "https://registry.npmjs.org/@angular/platform-browser-dynamic/-/platform-browser-dynamic-4.0.2.tgz",
      "integrity": "sha1-Wib5o+n36vPMfAKDbPri6Izxhi8="
    },
    "@angular/tsc-wrapped": {
      "version": "4.0.2",
      "resolved": "https://registry.npmjs.org/@angular/tsc-wrapped/-/tsc-wrapped-4.0.2.tgz",
      "integrity": "sha1-OPWECCiXlGsBHSk85mLgF40HrEE=",
      "requires": {
        "tsickle": "0.21.6"
      }
    },
    "@ionic-native/core": {
      "version": "3.14.0",
      "resolved": "https://registry.npmjs.org/@ionic-native/core/-/core-3.14.0.tgz",
      "integrity": "sha1-eW6p+xrRGI6zAgXHvKmCyCcXR74="
    },
    "@ionic-native/keyboard": {
      "version": "4.6.0",
      "resolved": "https://registry.npmjs.org/@ionic-native/keyboard/-/keyboard-4.6.0.tgz",
      "integrity": "sha512-jWFCj/3XyTjm3gi4DaGOkF3rXjDz10v9GGAnFgfataFWc6awRqzNzkCtu98HEbJFstDmAFQMrmXkXR5hGmXNmA=="
    },
    "@ionic-native/native-storage": {
      "version": "3.14.0",
      "resolved": "https://registry.npmjs.org/@ionic-native/native-storage/-/native-storage-3.14.0.tgz",
      "integrity": "sha1-SXkVkvuh0N1jEPidGozM6TpPZ5o="
    },
    "@ionic-native/splash-screen": {
      "version": "3.4.2",
      "resolved": "https://registry.npmjs.org/@ionic-native/splash-screen/-/splash-screen-3.4.2.tgz",
      "integrity": "sha1-PON4o0E7q4oM1M/VApw/rdmmd0w="
    },
    "@ionic-native/status-bar": {
      "version": "3.4.2",
      "resolved": "https://registry.npmjs.org/@ionic-native/status-bar/-/status-bar-3.4.2.tgz",
      "integrity": "sha1-EZxHjTuol0kKgvoPN6mvL/OUj1Y="
    },
    "cordova-android": {
      "version": "7.0.0",
      "resolved": "https://registry.npmjs.org/cordova-android/-/cordova-android-7.0.0.tgz",
      "integrity": "sha1-yVvt/PvDhjsYDE0p7/7E95Nh0Z0=",
      "requires": {
        "android-versions": "1.2.1",
        "cordova-common": "2.2.0",
        "elementtree": "0.1.6",
        "nopt": "3.0.6",
        "properties-parser": "0.2.3",
        "q": "1.5.1",
        "shelljs": "0.5.3"
      },
      "dependencies": {
        "abbrev": {
          "version": "1.1.1",
          "bundled": true
        },
        "android-versions": {
          "version": "1.2.1",
          "bundled": true
        },
        "ansi": {
          "version": "0.3.1",
          "bundled": true
        },
        "balanced-match": {
          "version": "1.0.0",
          "bundled": true
        },
        "base64-js": {
          "version": "0.0.8",
          "bundled": true
        },
        "big-integer": {
          "version": "1.6.26",
          "bundled": true
        },
        "bplist-parser": {
          "version": "0.1.1",
          "bundled": true,
          "requires": {
            "big-integer": "1.6.26"
          }
        },
        "brace-expansion": {
          "version": "1.1.8",
          "bundled": true,
          "requires": {
            "balanced-match": "1.0.0",
            "concat-map": "0.0.1"
          }
        },
        "concat-map": {
          "version": "0.0.1",
          "bundled": true
        },
        "cordova-common": {
          "version": "2.2.0",
          "bundled": true,
          "requires": {
            "ansi": "0.3.1",
            "bplist-parser": "0.1.1",
            "cordova-registry-mapper": "1.1.15",
            "elementtree": "0.1.6",
            "glob": "5.0.15",
            "minimatch": "3.0.4",
            "osenv": "0.1.4",
            "plist": "1.2.0",
            "q": "1.5.1",
            "semver": "5.4.1",
            "shelljs": "0.5.3",
            "underscore": "1.8.3",
            "unorm": "1.4.1"
          }
        },
        "cordova-registry-mapper": {
          "version": "1.1.15",
          "bundled": true
        },
        "elementtree": {
          "version": "0.1.6",
          "bundled": true,
          "requires": {
            "sax": "0.3.5"
          }
        },
        "glob": {
          "version": "5.0.15",
          "bundled": true,
          "requires": {
            "inflight": "1.0.6",
            "inherits": "2.0.3",
            "minimatch": "3.0.4",
            "once": "1.4.0",
            "path-is-absolute": "1.0.1"
          }
        },
        "inflight": {
          "version": "1.0.6",
          "bundled": true,
          "requires": {
            "once": "1.4.0",
            "wrappy": "1.0.2"
          }
        },
        "inherits": {
          "version": "2.0.3",
          "bundled": true
        },
        "lodash": {
          "version": "3.10.1",
          "bundled": true
        },
        "minimatch": {
          "version": "3.0.4",
          "bundled": true,
          "requires": {
            "brace-expansion": "1.1.8"
          }
        },
        "nopt": {
          "version": "3.0.6",
          "bundled": true,
          "requires": {
            "abbrev": "1.1.1"
          }
        },
        "once": {
          "version": "1.4.0",
          "bundled": true,
          "requires": {
            "wrappy": "1.0.2"
          }
        },
        "os-homedir": {
          "version": "1.0.2",
          "bundled": true
        },
        "os-tmpdir": {
          "version": "1.0.2",
          "bundled": true
        },
        "osenv": {
          "version": "0.1.4",
          "bundled": true,
          "requires": {
            "os-homedir": "1.0.2",
            "os-tmpdir": "1.0.2"
          }
        },
        "path-is-absolute": {
          "version": "1.0.1",
          "bundled": true
        },
        "plist": {
          "version": "1.2.0",
          "bundled": true,
          "requires": {
            "base64-js": "0.0.8",
            "util-deprecate": "1.0.2",
            "xmlbuilder": "4.0.0",
            "xmldom": "0.1.27"
          }
        },
        "properties-parser": {
          "version": "0.2.3",
          "bundled": true
        },
        "q": {
          "version": "1.5.1",
          "bundled": true
        },
        "sax": {
          "version": "0.3.5",
          "bundled": true
        },
        "semver": {
          "version": "5.4.1",
          "bundled": true
        },
        "shelljs": {
          "version": "0.5.3",
          "bundled": true
        },
        "underscore": {
          "version": "1.8.3",
          "bundled": true
        },
        "unorm": {
          "version": "1.4.1",
          "bundled": true
        },
        "util-deprecate": {
          "version": "1.0.2",
          "bundled": true
        },
        "wrappy": {
          "version": "1.0.2",
          "bundled": true
        },
        "xmlbuilder": {
          "version": "4.0.0",
          "bundled": true,
          "requires": {
            "lodash": "3.10.1"
          }
        },
        "xmldom": {
          "version": "0.1.27",
          "bundled": true
        }
      }
    },
    "cordova-plugin-ionic-keyboard": {
      "version": "2.0.5",
      "resolved": "https://registry.npmjs.org/cordova-plugin-ionic-keyboard/-/cordova-plugin-ionic-keyboard-2.0.5.tgz",
      "integrity": "sha512-ygwK+U7Vs7OJJYsDrWAxhegHfvuRRpMC3Y8RhQSVLfv4ELrXtkCUjD+UfsDQ3aObpvxGLTvcVrOw5p04dPXy3w=="
    },
    "cordova-plugin-ionic-webview": {
      "version": "1.1.19",
      "resolved": "https://registry.npmjs.org/cordova-plugin-ionic-webview/-/cordova-plugin-ionic-webview-1.1.19.tgz",
      "integrity": "sha512-Sgs6eHWsVFYBuc2xVhA3JqV7d7Wac6Yj1ZJjBLrhaA60LlMV8pReaPvWr898DKoLfhlBhJqNBEJSUAVP/4G9FA=="
    },
    "ionic-angular": {
      "version": "3.1.1",
      "resolved": "https://registry.npmjs.org/ionic-angular/-/ionic-angular-3.1.1.tgz",
      "integrity": "sha1-hKJ2WlZAcTBJpd2fRUCYmH9dUq4="
    },
    "ionicons": {
      "version": "3.0.0",
      "resolved": "https://registry.npmjs.org/ionicons/-/ionicons-3.0.0.tgz",
      "integrity": "sha1-QLja9P16MRUL0AIWD2ZJbiKpjDw="
    },
    "isarray": {
      "version": "0.0.1",
      "resolved": "https://registry.npmjs.org/isarray/-/isarray-0.0.1.tgz",
      "integrity": "sha1-ihis/Kmo9Bd+Cav8YDiTmwXR7t8="
    },
    "minimist": {
      "version": "1.2.0",
      "resolved": "https://registry.npmjs.org/minimist/-/minimist-1.2.0.tgz",
      "integrity": "sha1-o1AIsg9BOD7sH7kU9M1d95omQoQ="
    },
    "mkdirp": {
      "version": "0.5.1",
      "resolved": "https://registry.npmjs.org/mkdirp/-/mkdirp-0.5.1.tgz",
      "integrity": "sha1-MAV0OOrGz3+MR2fzhkjWaX11yQM=",
      "requires": {
        "minimist": "0.0.8"
      },
      "dependencies": {
        "minimist": {
          "version": "0.0.8",
          "resolved": "https://registry.npmjs.org/minimist/-/minimist-0.0.8.tgz",
          "integrity": "sha1-hX/Kv8M5fSYluCKCYuhqp6ARsF0="
        }
      }
    },
    "path-to-regexp": {
      "version": "1.7.0",
      "resolved": "https://registry.npmjs.org/path-to-regexp/-/path-to-regexp-1.7.0.tgz",
      "integrity": "sha1-Wf3g9DW62suhA6hOnTvGTpa5k30=",
      "requires": {
        "isarray": "0.0.1"
      }
    },
    "reflect-metadata": {
      "version": "0.1.12",
      "resolved": "https://registry.npmjs.org/reflect-metadata/-/reflect-metadata-0.1.12.tgz",
      "integrity": "sha512-n+IyV+nGz3+0q3/Yf1ra12KpCyi001bi4XFxSjbiWWjfqb52iTTtpGXmCCAOWWIAn9KEuFZKGqBERHmrtScZ3A=="
    },
    "rxjs": {
      "version": "5.1.1",
      "resolved": "https://registry.npmjs.org/rxjs/-/rxjs-5.1.1.tgz",
      "integrity": "sha1-/EiSKWW8bF77zA/kbpCjr2QTens=",
      "requires": {
        "symbol-observable": "1.2.0"
      }
    },
    "serviceworker-cache-polyfill": {
      "version": "4.0.0",
      "resolved": "https://registry.npmjs.org/serviceworker-cache-polyfill/-/serviceworker-cache-polyfill-4.0.0.tgz",
      "integrity": "sha1-3hnuc77yGrPAdAo3sz22JGS6ves="
    },
    "source-map": {
      "version": "0.5.7",
      "resolved": "https://registry.npmjs.org/source-map/-/source-map-0.5.7.tgz",
      "integrity": "sha1-igOdLRAh0i0eoUyA2OpGi6LvP8w="
    },
    "source-map-support": {
      "version": "0.4.18",
      "resolved": "https://registry.npmjs.org/source-map-support/-/source-map-support-0.4.18.tgz",
      "integrity": "sha512-try0/JqxPLF9nOjvSta7tVondkP5dwgyLDjVoyMDlmjugT2lRZ1OfsrYTkCd2hkDnJTKRbO/Rl3orm8vlsUzbA==",
      "requires": {
        "source-map": "0.5.7"
      }
    },
    "sw-toolbox": {
      "version": "3.4.0",
      "resolved": "https://registry.npmjs.org/sw-toolbox/-/sw-toolbox-3.4.0.tgz",
      "integrity": "sha1-oW7+z0p57TIZHPGSNSXy7om8dtw=",
      "requires": {
        "path-to-regexp": "1.7.0",
        "serviceworker-cache-polyfill": "4.0.0"
      }
    },
    "symbol-observable": {
      "version": "1.2.0",
      "resolved": "https://registry.npmjs.org/symbol-observable/-/symbol-observable-1.2.0.tgz",
      "integrity": "sha512-e900nM8RRtGhlV36KGEU9k65K3mPb1WV70OdjfxlG2EAuM1noi/E/BaW/uMhL7bPEssK8QV57vN3esixjUvcXQ=="
    },
    "tsickle": {
      "version": "0.21.6",
      "resolved": "https://registry.npmjs.org/tsickle/-/tsickle-0.21.6.tgz",
      "integrity": "sha1-U7Abl5xcE/2xOvs/uVgXflmRWI0=",
      "requires": {
        "minimist": "1.2.0",
        "mkdirp": "0.5.1",
        "source-map": "0.5.7",
        "source-map-support": "0.4.18"
      }
    },
    "typescript": {
      "version": "2.2.2",
      "resolved": "https://registry.npmjs.org/typescript/-/typescript-2.2.2.tgz",
      "integrity": "sha1-YGAiUIR5tV/6NotY/uljoD39eww=",
      "dev": true
    },
    "zone.js": {
      "version": "0.8.25",
      "resolved": "https://registry.npmjs.org/zone.js/-/zone.js-0.8.25.tgz",
      "integrity": "sha512-/4HpggPPo8aVMDhB18X0734eZftRNPR8Y9kURWzwzXMFi5rp6Igk5kFrlIIY6AueLlm1zcvi2WBOqBTvrX+0Rw=="
    }
  }
}
